
Microsoft Visual Studio Solution File, Format Version 12.00
# Visual Studio Version 17
VisualStudioVersion = 17.0.31903.59
MinimumVisualStudioVersion = 10.0.40219.1
Project("{2150E333-8FDC-42A3-9474-1A3956D46DE8}") = "src", "src", "{E2DE59C2-4B21-451C-8B1B-CE82D4FDC4DB}"
EndProject
Project("{FAE04EC0-301F-11D3-BF4B-00C04F79EFBC}") = "AuctionService", "src\AuctionService\AuctionService.csproj", "{3A47194C-0813-466B-B690-4214D68C4565}"
EndProject
Project("{FAE04EC0-301F-11D3-BF4B-00C04F79EFBC}") = "SearchService", "src\SearchService\SearchService.csproj", "{CF7C35A8-0838-4742-B780-284B27E2263D}"
EndProject
Project("{FAE04EC0-301F-11D3-BF4B-00C04F79EFBC}") = "Contracts", "src\Contracts\Contracts.csproj", "{A1D6CC6E-6530-4772-9084-03D26FEBA108}"
EndProject
Project("{FAE04EC0-301F-11D3-BF4B-00C04F79EFBC}") = "IdentityService", "src\IdentityService\IdentityService.csproj", "{75CD48DC-EA5B-4283-B342-2F51FE82E499}"
EndProject
Global
	GlobalSection(SolutionConfigurationPlatforms) = preSolution
		Debug|Any CPU = Debug|Any CPU
		Release|Any CPU = Release|Any CPU
	EndGlobalSection
	GlobalSection(ProjectConfigurationPlatforms) = postSolution
		{3A47194C-0813-466B-B690-4214D68C4565}.Debug|Any CPU.ActiveCfg = Debug|Any CPU
		{3A47194C-0813-466B-B690-4214D68C4565}.Debug|Any CPU.Build.0 = Debug|Any CPU
		{3A47194C-0813-466B-B690-4214D68C4565}.Release|Any CPU.ActiveCfg = Release|Any CPU
		{3A47194C-0813-466B-B690-4214D68C4565}.Release|Any CPU.Build.0 = Release|Any CPU
		{CF7C35A8-0838-4742-B780-284B27E2263D}.Debug|Any CPU.ActiveCfg = Debug|Any CPU
		{CF7C35A8-0838-4742-B780-284B27E2263D}.Debug|Any CPU.Build.0 = Debug|Any CPU
		{CF7C35A8-0838-4742-B780-284B27E2263D}.Release|Any CPU.ActiveCfg = Release|Any CPU
		{CF7C35A8-0838-4742-B780-284B27E2263D}.Release|Any CPU.Build.0 = Release|Any CPU
		{A1D6CC6E-6530-4772-9084-03D26FEBA108}.Debug|Any CPU.ActiveCfg = Debug|Any CPU
		{A1D6CC6E-6530-4772-9084-03D26FEBA108}.Debug|Any CPU.Build.0 = Debug|Any CPU
		{A1D6CC6E-6530-4772-9084-03D26FEBA108}.Release|Any CPU.ActiveCfg = Release|Any CPU
		{A1D6CC6E-6530-4772-9084-03D26FEBA108}.Release|Any CPU.Build.0 = Release|Any CPU
		{75CD48DC-EA5B-4283-B342-2F51FE82E499}.Debug|Any CPU.ActiveCfg = Debug|Any CPU
		{75CD48DC-EA5B-4283-B342-2F51FE82E499}.Debug|Any CPU.Build.0 = Debug|Any CPU
		{75CD48DC-EA5B-4283-B342-2F51FE82E499}.Release|Any CPU.ActiveCfg = Release|Any CPU
		{75CD48DC-EA5B-4283-B342-2F51FE82E499}.Release|Any CPU.Build.0 = Release|Any CPU
	EndGlobalSection
	GlobalSection(SolutionProperties) = preSolution
		HideSolutionNode = FALSE
	EndGlobalSection
	GlobalSection(NestedProjects) = preSolution
		{3A47194C-0813-466B-B690-4214D68C4565} = {E2DE59C2-4B21-451C-8B1B-CE82D4FDC4DB}
		{CF7C35A8-0838-4742-B780-284B27E2263D} = {E2DE59C2-4B21-451C-8B1B-CE82D4FDC4DB}
		{A1D6CC6E-6530-4772-9084-03D26FEBA108} = {E2DE59C2-4B21-451C-8B1B-CE82D4FDC4DB}
		{75CD48DC-EA5B-4283-B342-2F51FE82E499} = {E2DE59C2-4B21-451C-8B1B-CE82D4FDC4DB}
	EndGlobalSection
EndGlobal
